{
  "object": {
    "pins": [
      {
        "package": "LaunchAtLogin",
        "repositoryURL": "https://github.com/sindresorhus/LaunchAtLogin",
        "state": {
          "branch": null,
          "revision": "e8171b3e38a2816f579f58f3dac1522aa39efe41",
          "version": "4.2.0"
        }
      },
      {
        "package": "Sparkle",
        "repositoryURL": "https://github.com/sparkle-project/Sparkle",
        "state": {
          "branch": null,
          "revision": "7918c1c8fc68baa37917eeaa67286b077ad5e393",
          "version": "1.27.1"
        }
      }
    ]
  },
  "version": 1
}
