// !$*UTF8*$!
{
	archiveVersion = 1;
	classes = {
	};
	objectVersion = 55;
	objects = {

/* Begin PBXBuildFile section */
		E800A8B22732811D00DBDF0E /* MenuMarqueeText.swift in Sources */ = {isa = PBXBuildFile; fileRef = E800A8B12732811D00DBDF0E /* MenuMarqueeText.swift */; };
		E80E4CB52727F763000F9D74 /* Seeker.swift in Sources */ = {isa = PBXBuildFile; fileRef = E80E4CB42727F763000F9D74 /* Seeker.swift */; };
		E80E4CB827281297000F9D74 /* NetworkManager.swift in Sources */ = {isa = PBXBuildFile; fileRef = E80E4CB727281297000F9D74 /* NetworkManager.swift */; };
		E82271BC2735514400D1795D /* Constants.swift in Sources */ = {isa = PBXBuildFile; fileRef = E82271BB2735514400D1795D /* Constants.swift */; };
		E82271C3273567F000D1795D /* VisualizerStyle.swift in Sources */ = {isa = PBXBuildFile; fileRef = E82271C2273567F000D1795D /* VisualizerStyle.swift */; };
		E84A17382728E6F1005F8CB4 /* PromiseKit in Frameworks */ = {isa = PBXBuildFile; productRef = E84A17372728E6F1005F8CB4 /* PromiseKit */; };
		E84A173B2728EAC3005F8CB4 /* LyricsView.swift in Sources */ = {isa = PBXBuildFile; fileRef = E84A173A2728EAC3005F8CB4 /* LyricsView.swift */; };
		E84A173D2728F490005F8CB4 /* SpotifyClientCredentials.swift in Sources */ = {isa = PBXBuildFile; fileRef = E84A173C2728F490005F8CB4 /* SpotifyClientCredentials.swift */; };
		E84A173F2728F4CB005F8CB4 /* NetworkError.swift in Sources */ = {isa = PBXBuildFile; fileRef = E84A173E2728F4CB005F8CB4 /* NetworkError.swift */; };
		E8767C66273688FB00E39D17 /* LaunchAtLogin in Frameworks */ = {isa = PBXBuildFile; productRef = E8767C65273688FB00E39D17 /* LaunchAtLogin */; };
		E88441BC272D342500C7B650 /* MarqueeText.swift in Sources */ = {isa = PBXBuildFile; fileRef = E88441BB272D342500C7B650 /* MarqueeText.swift */; };
		E88441BE272D3A4C00C7B650 /* String+Dimensions.swift in Sources */ = {isa = PBXBuildFile; fileRef = E88441BD272D3A4C00C7B650 /* String+Dimensions.swift */; };
		E88441C0272D4FA900C7B650 /* SwipeView.swift in Sources */ = {isa = PBXBuildFile; fileRef = E88441BF272D4FA900C7B650 /* SwipeView.swift */; };
		E892FE0D272E878600359A64 /* StatusBarAnimation.swift in Sources */ = {isa = PBXBuildFile; fileRef = E892FE0C272E878600359A64 /* StatusBarAnimation.swift */; };
		E8A013DD272AB20900B25B63 /* Gradient.metal in Sources */ = {isa = PBXBuildFile; fileRef = E8A013DC272AB20900B25B63 /* Gradient.metal */; };
		E8A013DF272AB23500B25B63 /* MetalView.swift in Sources */ = {isa = PBXBuildFile; fileRef = E8A013DE272AB23500B25B63 /* MetalView.swift */; };
		E8AF5FC027290DEF00AACF65 /* Secrets.plist in Resources */ = {isa = PBXBuildFile; fileRef = E8AF5FBF27290DEF00AACF65 /* Secrets.plist */; };
		E8AF5FC327290EFB00AACF65 /* Secrets.swift in Sources */ = {isa = PBXBuildFile; fileRef = E8AF5FC227290EFB00AACF65 /* Secrets.swift */; };
		E8AF5FC5272924AC00AACF65 /* String+Base64.swift in Sources */ = {isa = PBXBuildFile; fileRef = E8AF5FC4272924AC00AACF65 /* String+Base64.swift */; };
		E8AF5FC72729278F00AACF65 /* SpotifySearchResult.swift in Sources */ = {isa = PBXBuildFile; fileRef = E8AF5FC62729278F00AACF65 /* SpotifySearchResult.swift */; };
		E8AF5FC9272927B800AACF65 /* MusixMatchLyrics.swift in Sources */ = {isa = PBXBuildFile; fileRef = E8AF5FC8272927B800AACF65 /* MusixMatchLyrics.swift */; };
		E8D7CCCC273AA1BC006179D7 /* SpotifyApplication.swift in Sources */ = {isa = PBXBuildFile; fileRef = E8D7CCCB273AA1BC006179D7 /* SpotifyApplication.swift */; };
		E8E00584272FFC8000D8AE1B /* NSAttributedString+Dimensions.swift in Sources */ = {isa = PBXBuildFile; fileRef = E8E00583272FFC8000D8AE1B /* NSAttributedString+Dimensions.swift */; };
		E8F5722B27166E0D00C5DF9C /* JukeboxApp.swift in Sources */ = {isa = PBXBuildFile; fileRef = E8F5722A27166E0D00C5DF9C /* JukeboxApp.swift */; };
		E8F5722D27166E0D00C5DF9C /* ContentView.swift in Sources */ = {isa = PBXBuildFile; fileRef = E8F5722C27166E0D00C5DF9C /* ContentView.swift */; };
		E8F5722F27166E1300C5DF9C /* Assets.xcassets in Resources */ = {isa = PBXBuildFile; fileRef = E8F5722E27166E1300C5DF9C /* Assets.xcassets */; };
		E8F5723227166E1300C5DF9C /* Preview Assets.xcassets in Resources */ = {isa = PBXBuildFile; fileRef = E8F5723127166E1300C5DF9C /* Preview Assets.xcassets */; };
		E8F5723D2716760E00C5DF9C /* ContentViewModel.swift in Sources */ = {isa = PBXBuildFile; fileRef = E8F5723C2716760E00C5DF9C /* ContentViewModel.swift */; };
		E8F572402716785700C5DF9C /* ChipStyle.swift in Sources */ = {isa = PBXBuildFile; fileRef = E8F5723F2716785700C5DF9C /* ChipStyle.swift */; };
		E8F57242271678C800C5DF9C /* PressButtonStyle.swift in Sources */ = {isa = PBXBuildFile; fileRef = E8F57241271678C800C5DF9C /* PressButtonStyle.swift */; };
		E8F5724527167CAF00C5DF9C /* Track.swift in Sources */ = {isa = PBXBuildFile; fileRef = E8F5724427167CAF00C5DF9C /* Track.swift */; };
		E8F5724B2716888D00C5DF9C /* MediaRemote.framework in Frameworks */ = {isa = PBXBuildFile; fileRef = E8F5724A2716888D00C5DF9C /* MediaRemote.framework */; };
		E8F5724C2716888D00C5DF9C /* MediaRemote.framework in Embed Frameworks */ = {isa = PBXBuildFile; fileRef = E8F5724A2716888D00C5DF9C /* MediaRemote.framework */; settings = {ATTRIBUTES = (CodeSignOnCopy, RemoveHeadersOnCopy, ); }; };
		E8FB63F2272BB495006F28B8 /* PreferencesWindow.swift in Sources */ = {isa = PBXBuildFile; fileRef = E8FB63F1272BB495006F28B8 /* PreferencesWindow.swift */; };
		E8FB63F4272BB97C006F28B8 /* PreferencesView.swift in Sources */ = {isa = PBXBuildFile; fileRef = E8FB63F3272BB97C006F28B8 /* PreferencesView.swift */; };
		E8FB63F6272BC7BD006F28B8 /* VisualEffectView.swift in Sources */ = {isa = PBXBuildFile; fileRef = E8FB63F5272BC7BD006F28B8 /* VisualEffectView.swift */; };
		E8FB63F8272BEF92006F28B8 /* AboutView.swift in Sources */ = {isa = PBXBuildFile; fileRef = E8FB63F7272BEF92006F28B8 /* AboutView.swift */; };
/* End PBXBuildFile section */

/* Begin PBXCopyFilesBuildPhase section */
		E8F5724D2716888D00C5DF9C /* Embed Frameworks */ = {
			isa = PBXCopyFilesBuildPhase;
			buildActionMask = 2147483647;
			dstPath = "";
			dstSubfolderSpec = 10;
			files = (
				E8F5724C2716888D00C5DF9C /* MediaRemote.framework in Embed Frameworks */,
			);
			name = "Embed Frameworks";
			runOnlyForDeploymentPostprocessing = 0;
		};
/* End PBXCopyFilesBuildPhase section */

/* Begin PBXFileReference section */
		E800A8B12732811D00DBDF0E /* MenuMarqueeText.swift */ = {isa = PBXFileReference; lastKnownFileType = sourcecode.swift; path = MenuMarqueeText.swift; sourceTree = "<group>"; };
		E80E4CB42727F763000F9D74 /* Seeker.swift */ = {isa = PBXFileReference; lastKnownFileType = sourcecode.swift; path = Seeker.swift; sourceTree = "<group>"; };
		E80E4CB727281297000F9D74 /* NetworkManager.swift */ = {isa = PBXFileReference; lastKnownFileType = sourcecode.swift; path = NetworkManager.swift; sourceTree = "<group>"; };
		E82271BB2735514400D1795D /* Constants.swift */ = {isa = PBXFileReference; lastKnownFileType = sourcecode.swift; path = Constants.swift; sourceTree = "<group>"; };
		E82271C2273567F000D1795D /* VisualizerStyle.swift */ = {isa = PBXFileReference; lastKnownFileType = sourcecode.swift; path = VisualizerStyle.swift; sourceTree = "<group>"; };
		E84A173A2728EAC3005F8CB4 /* LyricsView.swift */ = {isa = PBXFileReference; lastKnownFileType = sourcecode.swift; path = LyricsView.swift; sourceTree = "<group>"; };
		E84A173C2728F490005F8CB4 /* SpotifyClientCredentials.swift */ = {isa = PBXFileReference; lastKnownFileType = sourcecode.swift; path = SpotifyClientCredentials.swift; sourceTree = "<group>"; };
		E84A173E2728F4CB005F8CB4 /* NetworkError.swift */ = {isa = PBXFileReference; lastKnownFileType = sourcecode.swift; path = NetworkError.swift; sourceTree = "<group>"; };
		E88441BB272D342500C7B650 /* MarqueeText.swift */ = {isa = PBXFileReference; lastKnownFileType = sourcecode.swift; path = MarqueeText.swift; sourceTree = "<group>"; };
		E88441BD272D3A4C00C7B650 /* String+Dimensions.swift */ = {isa = PBXFileReference; lastKnownFileType = sourcecode.swift; path = "String+Dimensions.swift"; sourceTree = "<group>"; };
		E88441BF272D4FA900C7B650 /* SwipeView.swift */ = {isa = PBXFileReference; lastKnownFileType = sourcecode.swift; path = SwipeView.swift; sourceTree = "<group>"; };
		E892FE0C272E878600359A64 /* StatusBarAnimation.swift */ = {isa = PBXFileReference; lastKnownFileType = sourcecode.swift; path = StatusBarAnimation.swift; sourceTree = "<group>"; };
		E8A013DC272AB20900B25B63 /* Gradient.metal */ = {isa = PBXFileReference; lastKnownFileType = sourcecode.metal; path = Gradient.metal; sourceTree = "<group>"; };
		E8A013DE272AB23500B25B63 /* MetalView.swift */ = {isa = PBXFileReference; lastKnownFileType = sourcecode.swift; path = MetalView.swift; sourceTree = "<group>"; };
		E8AF5FBF27290DEF00AACF65 /* Secrets.plist */ = {isa = PBXFileReference; lastKnownFileType = text.plist.xml; path = Secrets.plist; sourceTree = "<group>"; };
		E8AF5FC227290EFB00AACF65 /* Secrets.swift */ = {isa = PBXFileReference; lastKnownFileType = sourcecode.swift; path = Secrets.swift; sourceTree = "<group>"; };
		E8AF5FC4272924AC00AACF65 /* String+Base64.swift */ = {isa = PBXFileReference; lastKnownFileType = sourcecode.swift; path = "String+Base64.swift"; sourceTree = "<group>"; };
		E8AF5FC62729278F00AACF65 /* SpotifySearchResult.swift */ = {isa = PBXFileReference; lastKnownFileType = sourcecode.swift; path = SpotifySearchResult.swift; sourceTree = "<group>"; };
		E8AF5FC8272927B800AACF65 /* MusixMatchLyrics.swift */ = {isa = PBXFileReference; lastKnownFileType = sourcecode.swift; path = MusixMatchLyrics.swift; sourceTree = "<group>"; };
		E8D7CCCB273AA1BC006179D7 /* SpotifyApplication.swift */ = {isa = PBXFileReference; lastKnownFileType = sourcecode.swift; path = SpotifyApplication.swift; sourceTree = "<group>"; };
		E8E00583272FFC8000D8AE1B /* NSAttributedString+Dimensions.swift */ = {isa = PBXFileReference; lastKnownFileType = sourcecode.swift; path = "NSAttributedString+Dimensions.swift"; sourceTree = "<group>"; };
		E8F5722727166E0D00C5DF9C /* Jukebox.app */ = {isa = PBXFileReference; explicitFileType = wrapper.application; includeInIndex = 0; path = Jukebox.app; sourceTree = BUILT_PRODUCTS_DIR; };
		E8F5722A27166E0D00C5DF9C /* JukeboxApp.swift */ = {isa = PBXFileReference; lastKnownFileType = sourcecode.swift; path = JukeboxApp.swift; sourceTree = "<group>"; };
		E8F5722C27166E0D00C5DF9C /* ContentView.swift */ = {isa = PBXFileReference; lastKnownFileType = sourcecode.swift; path = ContentView.swift; sourceTree = "<group>"; };
		E8F5722E27166E1300C5DF9C /* Assets.xcassets */ = {isa = PBXFileReference; lastKnownFileType = folder.assetcatalog; path = Assets.xcassets; sourceTree = "<group>"; };
		E8F5723127166E1300C5DF9C /* Preview Assets.xcassets */ = {isa = PBXFileReference; lastKnownFileType = folder.assetcatalog; path = "Preview Assets.xcassets"; sourceTree = "<group>"; };
		E8F5723327166E1300C5DF9C /* Jukebox.entitlements */ = {isa = PBXFileReference; lastKnownFileType = text.plist.entitlements; path = Jukebox.entitlements; sourceTree = "<group>"; };
		E8F5723A271670AE00C5DF9C /* Info.plist */ = {isa = PBXFileReference; lastKnownFileType = text.plist; path = Info.plist; sourceTree = "<group>"; };
		E8F5723C2716760E00C5DF9C /* ContentViewModel.swift */ = {isa = PBXFileReference; lastKnownFileType = sourcecode.swift; path = ContentViewModel.swift; sourceTree = "<group>"; };
		E8F5723F2716785700C5DF9C /* ChipStyle.swift */ = {isa = PBXFileReference; lastKnownFileType = sourcecode.swift; path = ChipStyle.swift; sourceTree = "<group>"; };
		E8F57241271678C800C5DF9C /* PressButtonStyle.swift */ = {isa = PBXFileReference; lastKnownFileType = sourcecode.swift; path = PressButtonStyle.swift; sourceTree = "<group>"; };
		E8F5724427167CAF00C5DF9C /* Track.swift */ = {isa = PBXFileReference; lastKnownFileType = sourcecode.swift; path = Track.swift; sourceTree = "<group>"; };
		E8F572482716865F00C5DF9C /* Jukebox-Bridging-Header.h */ = {isa = PBXFileReference; lastKnownFileType = sourcecode.c.h; path = "Jukebox-Bridging-Header.h"; sourceTree = "<group>"; };
		E8F5724A2716888D00C5DF9C /* MediaRemote.framework */ = {isa = PBXFileReference; lastKnownFileType = wrapper.framework; name = MediaRemote.framework; path = ../../../../../System/Library/PrivateFrameworks/MediaRemote.framework; sourceTree = "<group>"; };
		E8FB63F1272BB495006F28B8 /* PreferencesWindow.swift */ = {isa = PBXFileReference; lastKnownFileType = sourcecode.swift; path = PreferencesWindow.swift; sourceTree = "<group>"; };
		E8FB63F3272BB97C006F28B8 /* PreferencesView.swift */ = {isa = PBXFileReference; lastKnownFileType = sourcecode.swift; path = PreferencesView.swift; sourceTree = "<group>"; };
		E8FB63F5272BC7BD006F28B8 /* VisualEffectView.swift */ = {isa = PBXFileReference; lastKnownFileType = sourcecode.swift; path = VisualEffectView.swift; sourceTree = "<group>"; };
		E8FB63F7272BEF92006F28B8 /* AboutView.swift */ = {isa = PBXFileReference; lastKnownFileType = sourcecode.swift; path = AboutView.swift; sourceTree = "<group>"; };
/* End PBXFileReference section */

/* Begin PBXFrameworksBuildPhase section */
		E8F5722427166E0D00C5DF9C /* Frameworks */ = {
			isa = PBXFrameworksBuildPhase;
			buildActionMask = 2147483647;
			files = (
				E8767C66273688FB00E39D17 /* LaunchAtLogin in Frameworks */,
				E8F5724B2716888D00C5DF9C /* MediaRemote.framework in Frameworks */,
				E84A17382728E6F1005F8CB4 /* PromiseKit in Frameworks */,
			);
			runOnlyForDeploymentPostprocessing = 0;
		};
/* End PBXFrameworksBuildPhase section */

/* Begin PBXGroup section */
		E80E4CB627281274000F9D74 /* Networking */ = {
			isa = PBXGroup;
			children = (
				E80E4CB727281297000F9D74 /* NetworkManager.swift */,
				E84A173E2728F4CB005F8CB4 /* NetworkError.swift */,
				E84A17392728E82A005F8CB4 /* ResponseModels */,
			);
			path = Networking;
			sourceTree = "<group>";
		};
		E84A17392728E82A005F8CB4 /* ResponseModels */ = {
			isa = PBXGroup;
			children = (
				E84A173C2728F490005F8CB4 /* SpotifyClientCredentials.swift */,
				E8AF5FC62729278F00AACF65 /* SpotifySearchResult.swift */,
				E8AF5FC8272927B800AACF65 /* MusixMatchLyrics.swift */,
			);
			path = ResponseModels;
			sourceTree = "<group>";
		};
		E8A013DB272AB1D900B25B63 /* Shaders */ = {
			isa = PBXGroup;
			children = (
				E8A013DC272AB20900B25B63 /* Gradient.metal */,
			);
			path = Shaders;
			sourceTree = "<group>";
		};
		E8D7CCCA273AA18F006179D7 /* ScriptingBridge */ = {
			isa = PBXGroup;
			children = (
				E8D7CCCB273AA1BC006179D7 /* SpotifyApplication.swift */,
			);
			path = ScriptingBridge;
			sourceTree = "<group>";
		};
		E8F5721E27166E0D00C5DF9C = {
			isa = PBXGroup;
			children = (
				E8F5722927166E0D00C5DF9C /* Jukebox */,
				E8F5722827166E0D00C5DF9C /* Products */,
				E8F572492716888C00C5DF9C /* Frameworks */,
			);
			sourceTree = "<group>";
		};
		E8F5722827166E0D00C5DF9C /* Products */ = {
			isa = PBXGroup;
			children = (
				E8F5722727166E0D00C5DF9C /* Jukebox.app */,
			);
			name = Products;
			sourceTree = "<group>";
		};
		E8F5722927166E0D00C5DF9C /* Jukebox */ = {
			isa = PBXGroup;
			children = (
				E8F5722A27166E0D00C5DF9C /* JukeboxApp.swift */,
				E8FB63F0272BB47C006F28B8 /* Windows */,
				E8F5723927166E2400C5DF9C /* Views */,
				E8F5723B271675EF00C5DF9C /* ViewModels */,
				E8F5724327167CA400C5DF9C /* Models */,
				E80E4CB627281274000F9D74 /* Networking */,
				E8D7CCCA273AA18F006179D7 /* ScriptingBridge */,
				E8A013DB272AB1D900B25B63 /* Shaders */,
				E8F5723E2716784800C5DF9C /* Styles */,
				E8F57247271685EF00C5DF9C /* Utilities */,
				E8F5722E27166E1300C5DF9C /* Assets.xcassets */,
				E8AF5FBF27290DEF00AACF65 /* Secrets.plist */,
				E8F5723A271670AE00C5DF9C /* Info.plist */,
				E8F5723327166E1300C5DF9C /* Jukebox.entitlements */,
				E8F5723027166E1300C5DF9C /* Preview Content */,
			);
			path = Jukebox;
			sourceTree = "<group>";
		};
		E8F5723027166E1300C5DF9C /* Preview Content */ = {
			isa = PBXGroup;
			children = (
				E8F5723127166E1300C5DF9C /* Preview Assets.xcassets */,
			);
			path = "Preview Content";
			sourceTree = "<group>";
		};
		E8F5723927166E2400C5DF9C /* Views */ = {
			isa = PBXGroup;
			children = (
				E8FB63F7272BEF92006F28B8 /* AboutView.swift */,
				E8F5722C27166E0D00C5DF9C /* ContentView.swift */,
				E8A013DE272AB23500B25B63 /* MetalView.swift */,
				E80E4CB42727F763000F9D74 /* Seeker.swift */,
				E84A173A2728EAC3005F8CB4 /* LyricsView.swift */,
				E8FB63F3272BB97C006F28B8 /* PreferencesView.swift */,
				E8FB63F5272BC7BD006F28B8 /* VisualEffectView.swift */,
				E88441BB272D342500C7B650 /* MarqueeText.swift */,
				E88441BF272D4FA900C7B650 /* SwipeView.swift */,
				E892FE0C272E878600359A64 /* StatusBarAnimation.swift */,
				E800A8B12732811D00DBDF0E /* MenuMarqueeText.swift */,
			);
			path = Views;
			sourceTree = "<group>";
		};
		E8F5723B271675EF00C5DF9C /* ViewModels */ = {
			isa = PBXGroup;
			children = (
				E8F5723C2716760E00C5DF9C /* ContentViewModel.swift */,
			);
			path = ViewModels;
			sourceTree = "<group>";
		};
		E8F5723E2716784800C5DF9C /* Styles */ = {
			isa = PBXGroup;
			children = (
				E8F5723F2716785700C5DF9C /* ChipStyle.swift */,
				E8F57241271678C800C5DF9C /* PressButtonStyle.swift */,
			);
			path = Styles;
			sourceTree = "<group>";
		};
		E8F5724327167CA400C5DF9C /* Models */ = {
			isa = PBXGroup;
			children = (
				E8F5724427167CAF00C5DF9C /* Track.swift */,
				E82271C2273567F000D1795D /* VisualizerStyle.swift */,
			);
			path = Models;
			sourceTree = "<group>";
		};
		E8F57247271685EF00C5DF9C /* Utilities */ = {
			isa = PBXGroup;
			children = (
				E82271BB2735514400D1795D /* Constants.swift */,
				E8AF5FC227290EFB00AACF65 /* Secrets.swift */,
				E8AF5FC4272924AC00AACF65 /* String+Base64.swift */,
				E88441BD272D3A4C00C7B650 /* String+Dimensions.swift */,
				E8E00583272FFC8000D8AE1B /* NSAttributedString+Dimensions.swift */,
				E8F572482716865F00C5DF9C /* Jukebox-Bridging-Header.h */,
			);
			path = Utilities;
			sourceTree = "<group>";
		};
		E8F572492716888C00C5DF9C /* Frameworks */ = {
			isa = PBXGroup;
			children = (
				E8F5724A2716888D00C5DF9C /* MediaRemote.framework */,
			);
			name = Frameworks;
			sourceTree = "<group>";
		};
		E8FB63F0272BB47C006F28B8 /* Windows */ = {
			isa = PBXGroup;
			children = (
				E8FB63F1272BB495006F28B8 /* PreferencesWindow.swift */,
			);
			path = Windows;
			sourceTree = "<group>";
		};
/* End PBXGroup section */

/* Begin PBXNativeTarget section */
		E8F5722627166E0D00C5DF9C /* Jukebox */ = {
			isa = PBXNativeTarget;
			buildConfigurationList = E8F5723627166E1300C5DF9C /* Build configuration list for PBXNativeTarget "Jukebox" */;
			buildPhases = (
				E8F5722327166E0D00C5DF9C /* Sources */,
				E8F5722427166E0D00C5DF9C /* Frameworks */,
				E8F5722527166E0D00C5DF9C /* Resources */,
				E8767C67273689D400E39D17 /* ShellScript */,
				E8F5724D2716888D00C5DF9C /* Embed Frameworks */,
			);
			buildRules = (
			);
			dependencies = (
			);
			name = Jukebox;
			packageProductDependencies = (
				E84A17372728E6F1005F8CB4 /* PromiseKit */,
				E8767C65273688FB00E39D17 /* LaunchAtLogin */,
			);
			productName = Jukebox;
			productReference = E8F5722727166E0D00C5DF9C /* Jukebox.app */;
			productType = "com.apple.product-type.application";
		};
/* End PBXNativeTarget section */

/* Begin PBXProject section */
		E8F5721F27166E0D00C5DF9C /* Project object */ = {
			isa = PBXProject;
			attributes = {
				BuildIndependentTargetsInParallel = 1;
				LastSwiftUpdateCheck = 1300;
				LastUpgradeCheck = 1320;
				TargetAttributes = {
					E8F5722627166E0D00C5DF9C = {
						CreatedOnToolsVersion = 13.0;
					};
				};
			};
			buildConfigurationList = E8F5722227166E0D00C5DF9C /* Build configuration list for PBXProject "Jukebox" */;
			compatibilityVersion = "Xcode 13.0";
			developmentRegion = en;
			hasScannedForEncodings = 0;
			knownRegions = (
				en,
				Base,
			);
			mainGroup = E8F5721E27166E0D00C5DF9C;
			packageReferences = (
				E84A17362728E6F1005F8CB4 /* XCRemoteSwiftPackageReference "PromiseKit" */,
				E8767C64273688FB00E39D17 /* XCRemoteSwiftPackageReference "LaunchAtLogin" */,
			);
			productRefGroup = E8F5722827166E0D00C5DF9C /* Products */;
			projectDirPath = "";
			projectRoot = "";
			targets = (
				E8F5722627166E0D00C5DF9C /* Jukebox */,
			);
		};
/* End PBXProject section */

/* Begin PBXResourcesBuildPhase section */
		E8F5722527166E0D00C5DF9C /* Resources */ = {
			isa = PBXResourcesBuildPhase;
			buildActionMask = 2147483647;
			files = (
				E8F5723227166E1300C5DF9C /* Preview Assets.xcassets in Resources */,
				E8AF5FC027290DEF00AACF65 /* Secrets.plist in Resources */,
				E8F5722F27166E1300C5DF9C /* Assets.xcassets in Resources */,
			);
			runOnlyForDeploymentPostprocessing = 0;
		};
/* End PBXResourcesBuildPhase section */

/* Begin PBXShellScriptBuildPhase section */
		E8767C67273689D400E39D17 /* ShellScript */ = {
			isa = PBXShellScriptBuildPhase;
			buildActionMask = 2147483647;
			files = (
			);
			inputFileListPaths = (
			);
			inputPaths = (
			);
			outputFileListPaths = (
			);
			outputPaths = (
			);
			runOnlyForDeploymentPostprocessing = 0;
			shellPath = /bin/sh;
			shellScript = "# Type a script or drag a script file from your workspace to insert its path.\n\"${BUILT_PRODUCTS_DIR}/LaunchAtLogin_LaunchAtLogin.bundle/Contents/Resources/copy-helper-swiftpm.sh\"\n";
		};
/* End PBXShellScriptBuildPhase section */

/* Begin PBXSourcesBuildPhase section */
		E8F5722327166E0D00C5DF9C /* Sources */ = {
			isa = PBXSourcesBuildPhase;
			buildActionMask = 2147483647;
			files = (
				E892FE0D272E878600359A64 /* StatusBarAnimation.swift in Sources */,
				E8FB63F4272BB97C006F28B8 /* PreferencesView.swift in Sources */,
				E8FB63F8272BEF92006F28B8 /* AboutView.swift in Sources */,
				E82271C3273567F000D1795D /* VisualizerStyle.swift in Sources */,
				E84A173D2728F490005F8CB4 /* SpotifyClientCredentials.swift in Sources */,
				E8AF5FC327290EFB00AACF65 /* Secrets.swift in Sources */,
				E8F57242271678C800C5DF9C /* PressButtonStyle.swift in Sources */,
				E8F5722D27166E0D00C5DF9C /* ContentView.swift in Sources */,
				E8FB63F6272BC7BD006F28B8 /* VisualEffectView.swift in Sources */,
				E8F572402716785700C5DF9C /* ChipStyle.swift in Sources */,
				E8F5722B27166E0D00C5DF9C /* JukeboxApp.swift in Sources */,
				E80E4CB827281297000F9D74 /* NetworkManager.swift in Sources */,
				E82271BC2735514400D1795D /* Constants.swift in Sources */,
				E8D7CCCC273AA1BC006179D7 /* SpotifyApplication.swift in Sources */,
				E8E00584272FFC8000D8AE1B /* NSAttributedString+Dimensions.swift in Sources */,
				E88441BE272D3A4C00C7B650 /* String+Dimensions.swift in Sources */,
				E80E4CB52727F763000F9D74 /* Seeker.swift in Sources */,
				E8F5723D2716760E00C5DF9C /* ContentViewModel.swift in Sources */,
				E84A173B2728EAC3005F8CB4 /* LyricsView.swift in Sources */,
				E8AF5FC9272927B800AACF65 /* MusixMatchLyrics.swift in Sources */,
				E8AF5FC5272924AC00AACF65 /* String+Base64.swift in Sources */,
				E8AF5FC72729278F00AACF65 /* SpotifySearchResult.swift in Sources */,
				E8A013DD272AB20900B25B63 /* Gradient.metal in Sources */,
				E8A013DF272AB23500B25B63 /* MetalView.swift in Sources */,
				E800A8B22732811D00DBDF0E /* MenuMarqueeText.swift in Sources */,
				E84A173F2728F4CB005F8CB4 /* NetworkError.swift in Sources */,
				E88441BC272D342500C7B650 /* MarqueeText.swift in Sources */,
				E88441C0272D4FA900C7B650 /* SwipeView.swift in Sources */,
				E8FB63F2272BB495006F28B8 /* PreferencesWindow.swift in Sources */,
				E8F5724527167CAF00C5DF9C /* Track.swift in Sources */,
			);
			runOnlyForDeploymentPostprocessing = 0;
		};
/* End PBXSourcesBuildPhase section */

/* Begin XCBuildConfiguration section */
		E8F5723427166E1300C5DF9C /* Debug */ = {
			isa = XCBuildConfiguration;
			buildSettings = {
				ALWAYS_SEARCH_USER_PATHS = NO;
				CLANG_ANALYZER_NONNULL = YES;
				CLANG_ANALYZER_NUMBER_OBJECT_CONVERSION = YES_AGGRESSIVE;
				CLANG_CXX_LANGUAGE_STANDARD = "gnu++17";
				CLANG_CXX_LIBRARY = "libc++";
				CLANG_ENABLE_MODULES = YES;
				CLANG_ENABLE_OBJC_ARC = YES;
				CLANG_ENABLE_OBJC_WEAK = YES;
				CLANG_WARN_BLOCK_CAPTURE_AUTORELEASING = YES;
				CLANG_WARN_BOOL_CONVERSION = YES;
				CLANG_WARN_COMMA = YES;
				CLANG_WARN_CONSTANT_CONVERSION = YES;
				CLANG_WARN_DEPRECATED_OBJC_IMPLEMENTATIONS = YES;
				CLANG_WARN_DIRECT_OBJC_ISA_USAGE = YES_ERROR;
				CLANG_WARN_DOCUMENTATION_COMMENTS = YES;
				CLANG_WARN_EMPTY_BODY = YES;
				CLANG_WARN_ENUM_CONVERSION = YES;
				CLANG_WARN_INFINITE_RECURSION = YES;
				CLANG_WARN_INT_CONVERSION = YES;
				CLANG_WARN_NON_LITERAL_NULL_CONVERSION = YES;
				CLANG_WARN_OBJC_IMPLICIT_RETAIN_SELF = YES;
				CLANG_WARN_OBJC_LITERAL_CONVERSION = YES;
				CLANG_WARN_OBJC_ROOT_CLASS = YES_ERROR;
				CLANG_WARN_QUOTED_INCLUDE_IN_FRAMEWORK_HEADER = YES;
				CLANG_WARN_RANGE_LOOP_ANALYSIS = YES;
				CLANG_WARN_STRICT_PROTOTYPES = YES;
				CLANG_WARN_SUSPICIOUS_MOVE = YES;
				CLANG_WARN_UNGUARDED_AVAILABILITY = YES_AGGRESSIVE;
				CLANG_WARN_UNREACHABLE_CODE = YES;
				CLANG_WARN__DUPLICATE_METHOD_MATCH = YES;
				COPY_PHASE_STRIP = NO;
				DEBUG_INFORMATION_FORMAT = dwarf;
				ENABLE_STRICT_OBJC_MSGSEND = YES;
				ENABLE_TESTABILITY = YES;
				GCC_C_LANGUAGE_STANDARD = gnu11;
				GCC_DYNAMIC_NO_PIC = NO;
				GCC_NO_COMMON_BLOCKS = YES;
				GCC_OPTIMIZATION_LEVEL = 0;
				GCC_PREPROCESSOR_DEFINITIONS = (
					"DEBUG=1",
					"$(inherited)",
				);
				GCC_WARN_64_TO_32_BIT_CONVERSION = YES;
				GCC_WARN_ABOUT_RETURN_TYPE = YES_ERROR;
				GCC_WARN_UNDECLARED_SELECTOR = YES;
				GCC_WARN_UNINITIALIZED_AUTOS = YES_AGGRESSIVE;
				GCC_WARN_UNUSED_FUNCTION = YES;
				GCC_WARN_UNUSED_VARIABLE = YES;
				MACOSX_DEPLOYMENT_TARGET = 11.3;
				MTL_ENABLE_DEBUG_INFO = INCLUDE_SOURCE;
				MTL_FAST_MATH = YES;
				ONLY_ACTIVE_ARCH = YES;
				SDKROOT = macosx;
				SWIFT_ACTIVE_COMPILATION_CONDITIONS = DEBUG;
				SWIFT_OBJC_BRIDGING_HEADER = "Jukebox/Utilities/Jukebox-Bridging-Header.h";
				SWIFT_OPTIMIZATION_LEVEL = "-Onone";
			};
			name = Debug;
		};
		E8F5723527166E1300C5DF9C /* Release */ = {
			isa = XCBuildConfiguration;
			buildSettings = {
				ALWAYS_SEARCH_USER_PATHS = NO;
				CLANG_ANALYZER_NONNULL = YES;
				CLANG_ANALYZER_NUMBER_OBJECT_CONVERSION = YES_AGGRESSIVE;
				CLANG_CXX_LANGUAGE_STANDARD = "gnu++17";
				CLANG_CXX_LIBRARY = "libc++";
				CLANG_ENABLE_MODULES = YES;
				CLANG_ENABLE_OBJC_ARC = YES;
				CLANG_ENABLE_OBJC_WEAK = YES;
				CLANG_WARN_BLOCK_CAPTURE_AUTORELEASING = YES;
				CLANG_WARN_BOOL_CONVERSION = YES;
				CLANG_WARN_COMMA = YES;
				CLANG_WARN_CONSTANT_CONVERSION = YES;
				CLANG_WARN_DEPRECATED_OBJC_IMPLEMENTATIONS = YES;
				CLANG_WARN_DIRECT_OBJC_ISA_USAGE = YES_ERROR;
				CLANG_WARN_DOCUMENTATION_COMMENTS = YES;
				CLANG_WARN_EMPTY_BODY = YES;
				CLANG_WARN_ENUM_CONVERSION = YES;
				CLANG_WARN_INFINITE_RECURSION = YES;
				CLANG_WARN_INT_CONVERSION = YES;
				CLANG_WARN_NON_LITERAL_NULL_CONVERSION = YES;
				CLANG_WARN_OBJC_IMPLICIT_RETAIN_SELF = YES;
				CLANG_WARN_OBJC_LITERAL_CONVERSION = YES;
				CLANG_WARN_OBJC_ROOT_CLASS = YES_ERROR;
				CLANG_WARN_QUOTED_INCLUDE_IN_FRAMEWORK_HEADER = YES;
				CLANG_WARN_RANGE_LOOP_ANALYSIS = YES;
				CLANG_WARN_STRICT_PROTOTYPES = YES;
				CLANG_WARN_SUSPICIOUS_MOVE = YES;
				CLANG_WARN_UNGUARDED_AVAILABILITY = YES_AGGRESSIVE;
				CLANG_WARN_UNREACHABLE_CODE = YES;
				CLANG_WARN__DUPLICATE_METHOD_MATCH = YES;
				COPY_PHASE_STRIP = NO;
				DEBUG_INFORMATION_FORMAT = "dwarf-with-dsym";
				ENABLE_NS_ASSERTIONS = NO;
				ENABLE_STRICT_OBJC_MSGSEND = YES;
				GCC_C_LANGUAGE_STANDARD = gnu11;
				GCC_NO_COMMON_BLOCKS = YES;
				GCC_WARN_64_TO_32_BIT_CONVERSION = YES;
				GCC_WARN_ABOUT_RETURN_TYPE = YES_ERROR;
				GCC_WARN_UNDECLARED_SELECTOR = YES;
				GCC_WARN_UNINITIALIZED_AUTOS = YES_AGGRESSIVE;
				GCC_WARN_UNUSED_FUNCTION = YES;
				GCC_WARN_UNUSED_VARIABLE = YES;
				MACOSX_DEPLOYMENT_TARGET = 11.3;
				MTL_ENABLE_DEBUG_INFO = NO;
				MTL_FAST_MATH = YES;
				SDKROOT = macosx;
				SWIFT_COMPILATION_MODE = wholemodule;
				SWIFT_OBJC_BRIDGING_HEADER = "Jukebox/Utilities/Jukebox-Bridging-Header.h";
				SWIFT_OPTIMIZATION_LEVEL = "-O";
			};
			name = Release;
		};
		E8F5723727166E1300C5DF9C /* Debug */ = {
			isa = XCBuildConfiguration;
			buildSettings = {
				ASSETCATALOG_COMPILER_APPICON_NAME = AppIcon;
				ASSETCATALOG_COMPILER_GLOBAL_ACCENT_COLOR_NAME = AccentColor;
				CODE_SIGN_ENTITLEMENTS = Jukebox/Jukebox.entitlements;
				CODE_SIGN_IDENTITY = "-";
				CODE_SIGN_STYLE = Automatic;
				COMBINE_HIDPI_IMAGES = YES;
				CURRENT_PROJECT_VERSION = 1;
				DEVELOPMENT_ASSET_PATHS = "\"Jukebox/Preview Content\"";
				DEVELOPMENT_TEAM = P2Q7LG69J2;
				ENABLE_HARDENED_RUNTIME = YES;
				ENABLE_PREVIEWS = YES;
				GENERATE_INFOPLIST_FILE = YES;
				INFOPLIST_FILE = Jukebox/Info.plist;
				INFOPLIST_KEY_NSHumanReadableCopyright = "";
				LD_RUNPATH_SEARCH_PATHS = (
					"$(inherited)",
					"@executable_path/../Frameworks",
				);
				MACOSX_DEPLOYMENT_TARGET = 11.0;
				MARKETING_VERSION = 1.0;
				PRODUCT_BUNDLE_IDENTIFIER = dev.jaysce.Jukebox;
				PRODUCT_NAME = "$(TARGET_NAME)";
				SWIFT_EMIT_LOC_STRINGS = YES;
				SWIFT_VERSION = 5.0;
				SYSTEM_FRAMEWORK_SEARCH_PATHS = (
					"$(inherited)",
					"$(SYSTEM_LIBRARY_DIR)/PrivateFrameworks",
				);
			};
			name = Debug;
		};
		E8F5723827166E1300C5DF9C /* Release */ = {
			isa = XCBuildConfiguration;
			buildSettings = {
				ASSETCATALOG_COMPILER_APPICON_NAME = AppIcon;
				ASSETCATALOG_COMPILER_GLOBAL_ACCENT_COLOR_NAME = AccentColor;
				CODE_SIGN_ENTITLEMENTS = Jukebox/Jukebox.entitlements;
				CODE_SIGN_IDENTITY = "-";
				CODE_SIGN_STYLE = Automatic;
				COMBINE_HIDPI_IMAGES = YES;
				CURRENT_PROJECT_VERSION = 1;
				DEVELOPMENT_ASSET_PATHS = "\"Jukebox/Preview Content\"";
				DEVELOPMENT_TEAM = P2Q7LG69J2;
				ENABLE_HARDENED_RUNTIME = YES;
				ENABLE_PREVIEWS = YES;
				GENERATE_INFOPLIST_FILE = YES;
				INFOPLIST_FILE = Jukebox/Info.plist;
				INFOPLIST_KEY_NSHumanReadableCopyright = "";
				LD_RUNPATH_SEARCH_PATHS = (
					"$(inherited)",
					"@executable_path/../Frameworks",
				);
				MACOSX_DEPLOYMENT_TARGET = 11.0;
				MARKETING_VERSION = 1.0;
				PRODUCT_BUNDLE_IDENTIFIER = dev.jaysce.Jukebox;
				PRODUCT_NAME = "$(TARGET_NAME)";
				SWIFT_EMIT_LOC_STRINGS = YES;
				SWIFT_VERSION = 5.0;
				SYSTEM_FRAMEWORK_SEARCH_PATHS = (
					"$(inherited)",
					"$(SYSTEM_LIBRARY_DIR)/PrivateFrameworks",
				);
			};
			name = Release;
		};
/* End XCBuildConfiguration section */

/* Begin XCConfigurationList section */
		E8F5722227166E0D00C5DF9C /* Build configuration list for PBXProject "Jukebox" */ = {
			isa = XCConfigurationList;
			buildConfigurations = (
				E8F5723427166E1300C5DF9C /* Debug */,
				E8F5723527166E1300C5DF9C /* Release */,
			);
			defaultConfigurationIsVisible = 0;
			defaultConfigurationName = Release;
		};
		E8F5723627166E1300C5DF9C /* Build configuration list for PBXNativeTarget "Jukebox" */ = {
			isa = XCConfigurationList;
			buildConfigurations = (
				E8F5723727166E1300C5DF9C /* Debug */,
				E8F5723827166E1300C5DF9C /* Release */,
			);
			defaultConfigurationIsVisible = 0;
			defaultConfigurationName = Release;
		};
/* End XCConfigurationList section */

/* Begin XCRemoteSwiftPackageReference section */
		E84A17362728E6F1005F8CB4 /* XCRemoteSwiftPackageReference "PromiseKit" */ = {
			isa = XCRemoteSwiftPackageReference;
			repositoryURL = "https://github.com/mxcl/PromiseKit";
			requirement = {
				kind = exactVersion;
				version = 6.16.1;
			};
		};
		E8767C64273688FB00E39D17 /* XCRemoteSwiftPackageReference "LaunchAtLogin" */ = {
			isa = XCRemoteSwiftPackageReference;
			repositoryURL = "https://github.com/sindresorhus/LaunchAtLogin";
			requirement = {
				kind = upToNextMajorVersion;
				minimumVersion = 4.0.0;
			};
		};
/* End XCRemoteSwiftPackageReference section */

/* Begin XCSwiftPackageProductDependency section */
		E84A17372728E6F1005F8CB4 /* PromiseKit */ = {
			isa = XCSwiftPackageProductDependency;
			package = E84A17362728E6F1005F8CB4 /* XCRemoteSwiftPackageReference "PromiseKit" */;
			productName = PromiseKit;
		};
		E8767C65273688FB00E39D17 /* LaunchAtLogin */ = {
			isa = XCSwiftPackageProductDependency;
			package = E8767C64273688FB00E39D17 /* XCRemoteSwiftPackageReference "LaunchAtLogin" */;
			productName = LaunchAtLogin;
		};
/* End XCSwiftPackageProductDependency section */
	};
	rootObject = E8F5721F27166E0D00C5DF9C /* Project object */;
}
